PODS:
  - Alamofire (3.4.1)
  - Argo (3.0.1)
  - Curry (2.3.1)
  - Moya/Core (6.5.0):
    - Alamofire (~> 3.0)
    - Result (~> 2.0)
  - Moya/ReactiveCocoa (6.5.0):
    - Moya/Core
    - ReactiveCocoa (~> 4.1)
  - ReactiveCocoa (4.2.1):
    - Result (~> 2.0)
  - Result (2.1.2)

DEPENDENCIES:
  - Argo
  - Curry
  - Moya/ReactiveCocoa

SPEC CHECKSUMS:
  Alamofire: 01a82e2f6c0f860ade35534c8dd88be61bdef40c
  Argo: 22c5d62b7967020a641468c91dc9488bea9523b8
  Curry: c8f65c8ade091aad5cb86f7b51dd408d698810ca
  Moya: f7a4044719381cc6299f9ad3e0ef05f426f0557b
  ReactiveCocoa: 5a42745f11ea236f405bb9ce5e97c5e3b23562dd
  Result: 6e722d4a66b1408680dbfcdf51c0b1c4b706316a

PODFILE CHECKSUM: 2ecf75b8361e58afc611d985c8e9c841bc06e9bb

COCOAPODS: 1.0.1
