PODS:
  - Alamofire (4.2.0)
  - Argo (4.1.1):
    - Runes (>= 4.0.0)
  - Curry (3.0.0)
  - HanekeSwift (0.10.1)
  - Moya (8.0.0):
    - Moya/Core (= 8.0.0)
  - Moya/Core (8.0.0):
    - Alamofire (~> 4.2.0)
    - Result (~> 3.1.0)
  - Moya/ReactiveCocoa (8.0.0):
    - Moya/ReactiveSwift
  - Moya/ReactiveSwift (8.0.0):
    - Moya/Core
    - ReactiveSwift (= 1.0.0)
  - Nimble (5.1.1)
  - Quick (1.0.0)
  - ReactiveCocoa (5.0.0-rc.1):
    - ReactiveSwift (~> 1.0.0-rc.3)
  - ReactiveSwift (1.0.0):
    - Result (~> 3.1)
  - Result (3.1.0)
  - Runes (4.0.1)

DEPENDENCIES:
  - Argo (from `https://github.com/thoughtbot/Argo.git`)
  - Curry (from `https://github.com/thoughtbot/Curry.git`)
  - HanekeSwift (from `https://github.com/Haneke/HanekeSwift.git`, branch `feature/swift-3`)
  - Moya
  - Moya/ReactiveCocoa
  - Nimble
  - Quick
  - ReactiveCocoa (= 5.0.0-rc.1)
  - ReactiveSwift
  - Runes (from `https://github.com/thoughtbot/Runes.git`)

EXTERNAL SOURCES:
  Argo:
    :git: https://github.com/thoughtbot/Argo.git
  Curry:
    :git: https://github.com/thoughtbot/Curry.git
  HanekeSwift:
    :branch: feature/swift-3
    :git: https://github.com/Haneke/HanekeSwift.git
  Runes:
    :git: https://github.com/thoughtbot/Runes.git

CHECKOUT OPTIONS:
  Argo:
    :commit: f6f2fdc6c74f2283650abacecbb87113918e0438
    :git: https://github.com/thoughtbot/Argo.git
  Curry:
    :commit: 863ec7b235448ca53e682cf6958df4c30880c78e
    :git: https://github.com/thoughtbot/Curry.git
  HanekeSwift:
    :commit: 1157a124ec699f4ad926cb054f1d0bfce88ae7a9
    :git: https://github.com/Haneke/HanekeSwift.git
  Runes:
    :commit: 043c8b2d6d4b5aadaf4d81ae331a84084a958667
    :git: https://github.com/thoughtbot/Runes.git

SPEC CHECKSUMS:
  Alamofire: aa2e09d871c9160ac53c90e83c68064a94e3dfbe
  Argo: 236db72cb9a2bda9bcf9237423bb783e9c350356
  Curry: eb3d2c75aec678b3cc7fb2729d2ad6dd121531d1
  HanekeSwift: 4113367892828e7700d24a384027de6ebc79aad1
  Moya: 850a166ab8241bd1c1cea6dbe012e3a2ad62944a
  Nimble: 415e3aa3267e7bc2c96b05fa814ddea7bb686a29
  Quick: 8024e4a47e6cc03a9d5245ef0948264fc6d27cff
  ReactiveCocoa: 3e9cad4b77fa199d41e03f603cb55d0701ad6ad8
  ReactiveSwift: f391724ee318a2cfd3e37dfb041cd49ecf4e7869
  Result: 4e3ed5995ed94d0cd6a09be9a431fce3f3624bbf
  Runes: a6574421c266aea078b55ef84570e1a2be0f2bf4

PODFILE CHECKSUM: c7524fe12e16a33b193fb3bd845f1277473e0163

COCOAPODS: 1.1.1
