PODS:
  - Alamofire (4.0.1)
  - Argo (3.0.1):
    - Runes (>= 3.0.0)
  - Curry (2.3.2)
  - HanekeSwift (0.10.1)
  - Moya (8.0.0-beta.2):
    - Moya/Core (= 8.0.0-beta.2)
  - Moya/Core (8.0.0-beta.2):
    - Alamofire (~> 4.0.0)
    - Result
  - Moya/ReactiveCocoa (8.0.0-beta.2):
    - Moya/Core
    - ReactiveSwift
  - Nimble (5.0.0)
  - Quick (0.10.0)
  - ReactiveSwift (1.0.0-alpha.2):
    - Result (~> 3.0)
  - Result (3.0.0)
  - Runes (3.2.1)

DEPENDENCIES:
  - Argo (from `https://github.com/thoughtbot/Argo.git`)
  - Curry (from `https://github.com/thoughtbot/Curry.git`)
  - HanekeSwift (from `https://github.com/Haneke/HanekeSwift.git`, branch `feature/swift-3`)
  - Moya (= 8.0.0-beta.2)
  - Moya/ReactiveCocoa
  - Nimble
  - Quick
  - ReactiveSwift (= 1.0.0-alpha.2)
  - Runes (from `https://github.com/thoughtbot/Runes.git`)

EXTERNAL SOURCES:
  Argo:
    :git: https://github.com/thoughtbot/Argo.git
  Curry:
    :git: https://github.com/thoughtbot/Curry.git
  HanekeSwift:
    :branch: feature/swift-3
    :git: https://github.com/Haneke/HanekeSwift.git
  Runes:
    :git: https://github.com/thoughtbot/Runes.git

CHECKOUT OPTIONS:
  Argo:
    :commit: 4b57653f7760bd3eedfd1c1fbc821bde191e603d
    :git: https://github.com/thoughtbot/Argo.git
  Curry:
    :commit: 408134ffa8dd1c09b0050f65eae300381b934bf6
    :git: https://github.com/thoughtbot/Curry.git
  HanekeSwift:
    :commit: 3fb394f3769303685c9e0e692c9065e6a037b30a
    :git: https://github.com/Haneke/HanekeSwift.git
  Runes:
    :commit: e00cf681ec03a2dbf2b4cd6dd1e24d522f55474b
    :git: https://github.com/thoughtbot/Runes.git

SPEC CHECKSUMS:
  Alamofire: 7682d43245de14874acd142ec137b144aa1dd335
  Argo: f2e633ac01162010a2c3d8c495a59f5c79abe4d5
  Curry: a018288326c97dd2e4f5b37e527d20749e4663c5
  HanekeSwift: 4113367892828e7700d24a384027de6ebc79aad1
  Moya: 920d40f738e6f4ece84010cec701bb9693be8251
  Nimble: 56fc9f5020effa2206de22c3dd910f4fb011b92f
  Quick: 5d290df1c69d5ee2f0729956dcf0fd9a30447eaa
  ReactiveSwift: 967383cc7b58baa05c997965f9a76b7fd796f2a7
  Result: 1b3e431f37cbcd3ad89c6aa9ab0ae55515fae3b6
  Runes: 6231c760e43f26bd3fe804f15bc08bd1e40e6c46

PODFILE CHECKSUM: 306e2f91367f4c9fc181de574256bc45b05abdc9

COCOAPODS: 1.1.0.rc.2
