// !$*UTF8*$!
{
	archiveVersion = 1;
	classes = {
	};
	objectVersion = 46;
	objects = {

/* Begin PBXBuildFile section */
		689ED46DB973976C3A1E0B59 /* Pods_ReactivePokemonTests.framework in Frameworks */ = {isa = PBXBuildFile; fileRef = BEF444A951D6DA5FADB05BD4 /* Pods_ReactivePokemonTests.framework */; };
		8E3E86721D304F8C004F23CA /* pokemonPage0.json in Resources */ = {isa = PBXBuildFile; fileRef = 8E3E86711D304F8C004F23CA /* pokemonPage0.json */; };
		8E3E86731D304F8C004F23CA /* pokemonPage0.json in Resources */ = {isa = PBXBuildFile; fileRef = 8E3E86711D304F8C004F23CA /* pokemonPage0.json */; };
		8E3E86751D30507A004F23CA /* pokemon1.json in Resources */ = {isa = PBXBuildFile; fileRef = 8E3E86741D30507A004F23CA /* pokemon1.json */; };
		8E3E86761D30507A004F23CA /* pokemon1.json in Resources */ = {isa = PBXBuildFile; fileRef = 8E3E86741D30507A004F23CA /* pokemon1.json */; };
		8E3E86781D305153004F23CA /* type1.json in Resources */ = {isa = PBXBuildFile; fileRef = 8E3E86771D305153004F23CA /* type1.json */; };
		8E3E86791D305153004F23CA /* type1.json in Resources */ = {isa = PBXBuildFile; fileRef = 8E3E86771D305153004F23CA /* type1.json */; };
		8E3FC50B1D2848C400111B60 /* PokemonList.storyboard in Resources */ = {isa = PBXBuildFile; fileRef = 8E3FC50A1D2848C400111B60 /* PokemonList.storyboard */; };
		8E3FC50F1D284A6C00111B60 /* PokemonListViewControllerSpec.swift in Sources */ = {isa = PBXBuildFile; fileRef = 8E3FC50E1D284A6C00111B60 /* PokemonListViewControllerSpec.swift */; };
		8E3FC5111D284BE100111B60 /* PokemonListViewModelSpec.swift in Sources */ = {isa = PBXBuildFile; fileRef = 8E3FC5101D284BE100111B60 /* PokemonListViewModelSpec.swift */; };
		8E47E5CA1D2C81E6003610C6 /* PokemonPage.swift in Sources */ = {isa = PBXBuildFile; fileRef = 8E47E5C91D2C81E6003610C6 /* PokemonPage.swift */; };
		8E5F96D81D29F52000522204 /* CollectionViewModel.swift in Sources */ = {isa = PBXBuildFile; fileRef = 8E5F96D31D29F52000522204 /* CollectionViewModel.swift */; };
		8E5F96DA1D29F52000522204 /* NibLoadableView.swift in Sources */ = {isa = PBXBuildFile; fileRef = 8E5F96D51D29F52000522204 /* NibLoadableView.swift */; };
		8E5F96DB1D29F52000522204 /* ReusableView.swift in Sources */ = {isa = PBXBuildFile; fileRef = 8E5F96D61D29F52000522204 /* ReusableView.swift */; };
		8E5F96DC1D29F52000522204 /* UpdatableView.swift in Sources */ = {isa = PBXBuildFile; fileRef = 8E5F96D71D29F52000522204 /* UpdatableView.swift */; };
		8E5F96DF1D29F70A00522204 /* CellUpdater.swift in Sources */ = {isa = PBXBuildFile; fileRef = 8E5F96DE1D29F70A00522204 /* CellUpdater.swift */; };
		8E5F96E21D29F76800522204 /* CellUpdaterSpec.swift in Sources */ = {isa = PBXBuildFile; fileRef = 8E5F96E11D29F76800522204 /* CellUpdaterSpec.swift */; };
		8E5F96E41D2A103C00522204 /* PokemonListViewModel.swift in Sources */ = {isa = PBXBuildFile; fileRef = 8E5F96E31D2A103C00522204 /* PokemonListViewModel.swift */; };
		8E7314501D2AF62000E0B97E /* PokemonServiceSpec.swift in Sources */ = {isa = PBXBuildFile; fileRef = 8E73144F1D2AF62000E0B97E /* PokemonServiceSpec.swift */; };
		8E7314531D2B071C00E0B97E /* PokemonCell.swift in Sources */ = {isa = PBXBuildFile; fileRef = 8E7314521D2B071C00E0B97E /* PokemonCell.swift */; };
		8E7314551D2B074F00E0B97E /* PokemonCellViewModel.swift in Sources */ = {isa = PBXBuildFile; fileRef = 8E7314541D2B074F00E0B97E /* PokemonCellViewModel.swift */; };
		8E7314571D2B09E400E0B97E /* PokemonCell.xib in Resources */ = {isa = PBXBuildFile; fileRef = 8E7314561D2B09E400E0B97E /* PokemonCell.xib */; };
		8E7314591D2B126600E0B97E /* PokemonSprites.swift in Sources */ = {isa = PBXBuildFile; fileRef = 8E7314581D2B126600E0B97E /* PokemonSprites.swift */; };
		8E73145B1D2B130000E0B97E /* PokemonType.swift in Sources */ = {isa = PBXBuildFile; fileRef = 8E73145A1D2B130000E0B97E /* PokemonType.swift */; };
		8E73145E1D2B159A00E0B97E /* UICollectionView+Ext.swift in Sources */ = {isa = PBXBuildFile; fileRef = 8E73145D1D2B159A00E0B97E /* UICollectionView+Ext.swift */; };
		8E7314611D2B1B9200E0B97E /* ImageCatalog.swift in Sources */ = {isa = PBXBuildFile; fileRef = 8E7314601D2B1B9200E0B97E /* ImageCatalog.swift */; };
		8E7C4D641CD55ABE008AE2E2 /* AppDelegate.swift in Sources */ = {isa = PBXBuildFile; fileRef = 8E7C4D631CD55ABE008AE2E2 /* AppDelegate.swift */; };
		8E7C4D661CD55ABE008AE2E2 /* PokemonListViewController.swift in Sources */ = {isa = PBXBuildFile; fileRef = 8E7C4D651CD55ABE008AE2E2 /* PokemonListViewController.swift */; };
		8E7C4D691CD55ABE008AE2E2 /* Main.storyboard in Resources */ = {isa = PBXBuildFile; fileRef = 8E7C4D671CD55ABE008AE2E2 /* Main.storyboard */; };
		8E7C4D6B1CD55ABE008AE2E2 /* Assets.xcassets in Resources */ = {isa = PBXBuildFile; fileRef = 8E7C4D6A1CD55ABE008AE2E2 /* Assets.xcassets */; };
		8EA3715A1D3001DA00C910A0 /* PokemonListCollectionView.swift in Sources */ = {isa = PBXBuildFile; fileRef = 8EA371591D3001DA00C910A0 /* PokemonListCollectionView.swift */; };
		8EA3715D1D30047D00C910A0 /* MockPokemonService.swift in Sources */ = {isa = PBXBuildFile; fileRef = 8EA3715C1D30047D00C910A0 /* MockPokemonService.swift */; };
		8EA3715F1D30054900C910A0 /* MockProvider.swift in Sources */ = {isa = PBXBuildFile; fileRef = 8EA3715E1D30054900C910A0 /* MockProvider.swift */; };
		8EA371AD1D30346A00C910A0 /* PokemonPageBuilder.swift in Sources */ = {isa = PBXBuildFile; fileRef = 8EA371AC1D30346A00C910A0 /* PokemonPageBuilder.swift */; };
		8EA371AF1D3034FA00C910A0 /* PokemonPagePokemonBuilder.swift in Sources */ = {isa = PBXBuildFile; fileRef = 8EA371AE1D3034FA00C910A0 /* PokemonPagePokemonBuilder.swift */; };
		8EDA55ED1D3178B5002F0EE8 /* ErrorHandler.swift in Sources */ = {isa = PBXBuildFile; fileRef = 8EDA55EC1D3178B5002F0EE8 /* ErrorHandler.swift */; };
		8EDA55EF1D31792F002F0EE8 /* DebugDetector.swift in Sources */ = {isa = PBXBuildFile; fileRef = 8EDA55EE1D31792F002F0EE8 /* DebugDetector.swift */; };
		8EDA55F11D317E4C002F0EE8 /* UIAlertController+Ext.swift in Sources */ = {isa = PBXBuildFile; fileRef = 8EDA55F01D317E4C002F0EE8 /* UIAlertController+Ext.swift */; };
		8EDA55F71D31AD98002F0EE8 /* RAC+Ext.swift in Sources */ = {isa = PBXBuildFile; fileRef = 8EDA55F61D31AD98002F0EE8 /* RAC+Ext.swift */; };
		8EDA55F91D31B7B9002F0EE8 /* String+Ext.swift in Sources */ = {isa = PBXBuildFile; fileRef = 8EDA55F81D31B7B9002F0EE8 /* String+Ext.swift */; };
		8EDA55FB1D31F91C002F0EE8 /* Encodable.swift in Sources */ = {isa = PBXBuildFile; fileRef = 8EDA55FA1D31F91C002F0EE8 /* Encodable.swift */; };
		8EEBACE21CD571F000F40F96 /* PokeAPI.swift in Sources */ = {isa = PBXBuildFile; fileRef = 8EEBACE11CD571F000F40F96 /* PokeAPI.swift */; };
		8EEBACE41CD5744800F40F96 /* Provider.swift in Sources */ = {isa = PBXBuildFile; fileRef = 8EEBACE31CD5744800F40F96 /* Provider.swift */; };
		8EEBACE61CD5750D00F40F96 /* PokemonService.swift in Sources */ = {isa = PBXBuildFile; fileRef = 8EEBACE51CD5750D00F40F96 /* PokemonService.swift */; };
		8EEBACE81CD5756200F40F96 /* Pokemon.swift in Sources */ = {isa = PBXBuildFile; fileRef = 8EEBACE71CD5756200F40F96 /* Pokemon.swift */; };
		FA64D850AE57FFC674C68283 /* Pods_ReactivePokemon.framework in Frameworks */ = {isa = PBXBuildFile; fileRef = D4AB0AE4A2E342E1A3C89F97 /* Pods_ReactivePokemon.framework */; };
/* End PBXBuildFile section */

/* Begin PBXContainerItemProxy section */
		8E3FC5001D28443600111B60 /* PBXContainerItemProxy */ = {
			isa = PBXContainerItemProxy;
			containerPortal = 8E7C4D581CD55ABE008AE2E2 /* Project object */;
			proxyType = 1;
			remoteGlobalIDString = 8E7C4D5F1CD55ABE008AE2E2;
			remoteInfo = ReactivePokemon;
		};
/* End PBXContainerItemProxy section */

/* Begin PBXFileReference section */
		00FFE7F59BCF0AEC2F83AAA6 /* Pods-ReactivePokemonTests.release.xcconfig */ = {isa = PBXFileReference; includeInIndex = 1; lastKnownFileType = text.xcconfig; name = "Pods-ReactivePokemonTests.release.xcconfig"; path = "Pods/Target Support Files/Pods-ReactivePokemonTests/Pods-ReactivePokemonTests.release.xcconfig"; sourceTree = "<group>"; };
		111D404A04D03FD55EC6F220 /* Pods-ReactivePokemon.debug.xcconfig */ = {isa = PBXFileReference; includeInIndex = 1; lastKnownFileType = text.xcconfig; name = "Pods-ReactivePokemon.debug.xcconfig"; path = "Pods/Target Support Files/Pods-ReactivePokemon/Pods-ReactivePokemon.debug.xcconfig"; sourceTree = "<group>"; };
		5153F99D67C5299E73143E71 /* Pods-ReactivePokemon.release.xcconfig */ = {isa = PBXFileReference; includeInIndex = 1; lastKnownFileType = text.xcconfig; name = "Pods-ReactivePokemon.release.xcconfig"; path = "Pods/Target Support Files/Pods-ReactivePokemon/Pods-ReactivePokemon.release.xcconfig"; sourceTree = "<group>"; };
		7E165EF6676AEEAE471D1D88 /* Pods-ReactivePokemonTests.debug.xcconfig */ = {isa = PBXFileReference; includeInIndex = 1; lastKnownFileType = text.xcconfig; name = "Pods-ReactivePokemonTests.debug.xcconfig"; path = "Pods/Target Support Files/Pods-ReactivePokemonTests/Pods-ReactivePokemonTests.debug.xcconfig"; sourceTree = "<group>"; };
		8E3E86711D304F8C004F23CA /* pokemonPage0.json */ = {isa = PBXFileReference; fileEncoding = 4; lastKnownFileType = text.json; path = pokemonPage0.json; sourceTree = "<group>"; };
		8E3E86741D30507A004F23CA /* pokemon1.json */ = {isa = PBXFileReference; fileEncoding = 4; lastKnownFileType = text.json; path = pokemon1.json; sourceTree = "<group>"; };
		8E3E86771D305153004F23CA /* type1.json */ = {isa = PBXFileReference; fileEncoding = 4; lastKnownFileType = text.json; path = type1.json; sourceTree = "<group>"; };
		8E3FC4FB1D28443600111B60 /* ReactivePokemonTests.xctest */ = {isa = PBXFileReference; explicitFileType = wrapper.cfbundle; includeInIndex = 0; path = ReactivePokemonTests.xctest; sourceTree = BUILT_PRODUCTS_DIR; };
		8E3FC4FF1D28443600111B60 /* Info.plist */ = {isa = PBXFileReference; lastKnownFileType = text.plist.xml; path = Info.plist; sourceTree = "<group>"; };
		8E3FC50A1D2848C400111B60 /* PokemonList.storyboard */ = {isa = PBXFileReference; fileEncoding = 4; lastKnownFileType = file.storyboard; path = PokemonList.storyboard; sourceTree = "<group>"; };
		8E3FC50D1D284A6C00111B60 /* ReactivePokemonTests-Bridging-Header.h */ = {isa = PBXFileReference; lastKnownFileType = sourcecode.c.h; name = "ReactivePokemonTests-Bridging-Header.h"; path = "PokemonList/ReactivePokemonTests-Bridging-Header.h"; sourceTree = "<group>"; };
		8E3FC50E1D284A6C00111B60 /* PokemonListViewControllerSpec.swift */ = {isa = PBXFileReference; fileEncoding = 4; lastKnownFileType = sourcecode.swift; path = PokemonListViewControllerSpec.swift; sourceTree = "<group>"; };
		8E3FC5101D284BE100111B60 /* PokemonListViewModelSpec.swift */ = {isa = PBXFileReference; fileEncoding = 4; lastKnownFileType = sourcecode.swift; path = PokemonListViewModelSpec.swift; sourceTree = "<group>"; };
		8E47E5C91D2C81E6003610C6 /* PokemonPage.swift */ = {isa = PBXFileReference; fileEncoding = 4; lastKnownFileType = sourcecode.swift; lineEnding = 0; path = PokemonPage.swift; sourceTree = "<group>"; xcLanguageSpecificationIdentifier = xcode.lang.swift; };
		8E5F96D31D29F52000522204 /* CollectionViewModel.swift */ = {isa = PBXFileReference; fileEncoding = 4; lastKnownFileType = sourcecode.swift; path = CollectionViewModel.swift; sourceTree = "<group>"; };
		8E5F96D51D29F52000522204 /* NibLoadableView.swift */ = {isa = PBXFileReference; fileEncoding = 4; lastKnownFileType = sourcecode.swift; path = NibLoadableView.swift; sourceTree = "<group>"; };
		8E5F96D61D29F52000522204 /* ReusableView.swift */ = {isa = PBXFileReference; fileEncoding = 4; lastKnownFileType = sourcecode.swift; path = ReusableView.swift; sourceTree = "<group>"; };
		8E5F96D71D29F52000522204 /* UpdatableView.swift */ = {isa = PBXFileReference; fileEncoding = 4; lastKnownFileType = sourcecode.swift; path = UpdatableView.swift; sourceTree = "<group>"; };
		8E5F96DE1D29F70A00522204 /* CellUpdater.swift */ = {isa = PBXFileReference; fileEncoding = 4; lastKnownFileType = sourcecode.swift; path = CellUpdater.swift; sourceTree = "<group>"; };
		8E5F96E11D29F76800522204 /* CellUpdaterSpec.swift */ = {isa = PBXFileReference; fileEncoding = 4; lastKnownFileType = sourcecode.swift; path = CellUpdaterSpec.swift; sourceTree = "<group>"; };
		8E5F96E31D2A103C00522204 /* PokemonListViewModel.swift */ = {isa = PBXFileReference; fileEncoding = 4; lastKnownFileType = sourcecode.swift; path = PokemonListViewModel.swift; sourceTree = "<group>"; };
		8E73144F1D2AF62000E0B97E /* PokemonServiceSpec.swift */ = {isa = PBXFileReference; fileEncoding = 4; lastKnownFileType = sourcecode.swift; path = PokemonServiceSpec.swift; sourceTree = "<group>"; };
		8E7314521D2B071C00E0B97E /* PokemonCell.swift */ = {isa = PBXFileReference; fileEncoding = 4; lastKnownFileType = sourcecode.swift; path = PokemonCell.swift; sourceTree = "<group>"; };
		8E7314541D2B074F00E0B97E /* PokemonCellViewModel.swift */ = {isa = PBXFileReference; fileEncoding = 4; lastKnownFileType = sourcecode.swift; path = PokemonCellViewModel.swift; sourceTree = "<group>"; };
		8E7314561D2B09E400E0B97E /* PokemonCell.xib */ = {isa = PBXFileReference; fileEncoding = 4; lastKnownFileType = file.xib; path = PokemonCell.xib; sourceTree = "<group>"; };
		8E7314581D2B126600E0B97E /* PokemonSprites.swift */ = {isa = PBXFileReference; fileEncoding = 4; lastKnownFileType = sourcecode.swift; path = PokemonSprites.swift; sourceTree = "<group>"; };
		8E73145A1D2B130000E0B97E /* PokemonType.swift */ = {isa = PBXFileReference; fileEncoding = 4; lastKnownFileType = sourcecode.swift; lineEnding = 0; path = PokemonType.swift; sourceTree = "<group>"; xcLanguageSpecificationIdentifier = xcode.lang.swift; };
		8E73145D1D2B159A00E0B97E /* UICollectionView+Ext.swift */ = {isa = PBXFileReference; fileEncoding = 4; lastKnownFileType = sourcecode.swift; path = "UICollectionView+Ext.swift"; sourceTree = "<group>"; };
		8E7314601D2B1B9200E0B97E /* ImageCatalog.swift */ = {isa = PBXFileReference; fileEncoding = 4; lastKnownFileType = sourcecode.swift; path = ImageCatalog.swift; sourceTree = "<group>"; };
		8E7C4D601CD55ABE008AE2E2 /* ReactivePokemon.app */ = {isa = PBXFileReference; explicitFileType = wrapper.application; includeInIndex = 0; path = ReactivePokemon.app; sourceTree = BUILT_PRODUCTS_DIR; };
		8E7C4D631CD55ABE008AE2E2 /* AppDelegate.swift */ = {isa = PBXFileReference; lastKnownFileType = sourcecode.swift; path = AppDelegate.swift; sourceTree = "<group>"; };
		8E7C4D651CD55ABE008AE2E2 /* PokemonListViewController.swift */ = {isa = PBXFileReference; lastKnownFileType = sourcecode.swift; path = PokemonListViewController.swift; sourceTree = "<group>"; };
		8E7C4D681CD55ABE008AE2E2 /* Base */ = {isa = PBXFileReference; lastKnownFileType = file.storyboard; name = Base; path = Base.lproj/Main.storyboard; sourceTree = "<group>"; };
		8E7C4D6A1CD55ABE008AE2E2 /* Assets.xcassets */ = {isa = PBXFileReference; lastKnownFileType = folder.assetcatalog; path = Assets.xcassets; sourceTree = "<group>"; };
		8E7C4D6F1CD55ABE008AE2E2 /* Info.plist */ = {isa = PBXFileReference; lastKnownFileType = text.plist.xml; path = Info.plist; sourceTree = "<group>"; };
		8EA371591D3001DA00C910A0 /* PokemonListCollectionView.swift */ = {isa = PBXFileReference; fileEncoding = 4; lastKnownFileType = sourcecode.swift; path = PokemonListCollectionView.swift; sourceTree = "<group>"; };
		8EA3715C1D30047D00C910A0 /* MockPokemonService.swift */ = {isa = PBXFileReference; fileEncoding = 4; lastKnownFileType = sourcecode.swift; path = MockPokemonService.swift; sourceTree = "<group>"; };
		8EA3715E1D30054900C910A0 /* MockProvider.swift */ = {isa = PBXFileReference; fileEncoding = 4; lastKnownFileType = sourcecode.swift; lineEnding = 0; path = MockProvider.swift; sourceTree = "<group>"; xcLanguageSpecificationIdentifier = xcode.lang.swift; };
		8EA371AC1D30346A00C910A0 /* PokemonPageBuilder.swift */ = {isa = PBXFileReference; fileEncoding = 4; lastKnownFileType = sourcecode.swift; path = PokemonPageBuilder.swift; sourceTree = "<group>"; };
		8EA371AE1D3034FA00C910A0 /* PokemonPagePokemonBuilder.swift */ = {isa = PBXFileReference; fileEncoding = 4; lastKnownFileType = sourcecode.swift; path = PokemonPagePokemonBuilder.swift; sourceTree = "<group>"; };
		8EDA55EC1D3178B5002F0EE8 /* ErrorHandler.swift */ = {isa = PBXFileReference; fileEncoding = 4; lastKnownFileType = sourcecode.swift; lineEnding = 0; path = ErrorHandler.swift; sourceTree = "<group>"; xcLanguageSpecificationIdentifier = xcode.lang.swift; };
		8EDA55EE1D31792F002F0EE8 /* DebugDetector.swift */ = {isa = PBXFileReference; fileEncoding = 4; lastKnownFileType = sourcecode.swift; path = DebugDetector.swift; sourceTree = "<group>"; };
		8EDA55F01D317E4C002F0EE8 /* UIAlertController+Ext.swift */ = {isa = PBXFileReference; fileEncoding = 4; lastKnownFileType = sourcecode.swift; path = "UIAlertController+Ext.swift"; sourceTree = "<group>"; };
		8EDA55F61D31AD98002F0EE8 /* RAC+Ext.swift */ = {isa = PBXFileReference; fileEncoding = 4; lastKnownFileType = sourcecode.swift; path = "RAC+Ext.swift"; sourceTree = "<group>"; };
		8EDA55F81D31B7B9002F0EE8 /* String+Ext.swift */ = {isa = PBXFileReference; fileEncoding = 4; lastKnownFileType = sourcecode.swift; path = "String+Ext.swift"; sourceTree = "<group>"; };
		8EDA55FA1D31F91C002F0EE8 /* Encodable.swift */ = {isa = PBXFileReference; fileEncoding = 4; lastKnownFileType = sourcecode.swift; path = Encodable.swift; sourceTree = "<group>"; };
		8EEBACE11CD571F000F40F96 /* PokeAPI.swift */ = {isa = PBXFileReference; fileEncoding = 4; lastKnownFileType = sourcecode.swift; path = PokeAPI.swift; sourceTree = "<group>"; };
		8EEBACE31CD5744800F40F96 /* Provider.swift */ = {isa = PBXFileReference; fileEncoding = 4; lastKnownFileType = sourcecode.swift; lineEnding = 0; path = Provider.swift; sourceTree = "<group>"; xcLanguageSpecificationIdentifier = xcode.lang.swift; };
		8EEBACE51CD5750D00F40F96 /* PokemonService.swift */ = {isa = PBXFileReference; fileEncoding = 4; lastKnownFileType = sourcecode.swift; lineEnding = 0; path = PokemonService.swift; sourceTree = "<group>"; xcLanguageSpecificationIdentifier = xcode.lang.swift; };
		8EEBACE71CD5756200F40F96 /* Pokemon.swift */ = {isa = PBXFileReference; fileEncoding = 4; lastKnownFileType = sourcecode.swift; path = Pokemon.swift; sourceTree = "<group>"; };
		BEF444A951D6DA5FADB05BD4 /* Pods_ReactivePokemonTests.framework */ = {isa = PBXFileReference; explicitFileType = wrapper.framework; includeInIndex = 0; path = Pods_ReactivePokemonTests.framework; sourceTree = BUILT_PRODUCTS_DIR; };
		D4AB0AE4A2E342E1A3C89F97 /* Pods_ReactivePokemon.framework */ = {isa = PBXFileReference; explicitFileType = wrapper.framework; includeInIndex = 0; path = Pods_ReactivePokemon.framework; sourceTree = BUILT_PRODUCTS_DIR; };
/* End PBXFileReference section */

/* Begin PBXFrameworksBuildPhase section */
		8E3FC4F81D28443600111B60 /* Frameworks */ = {
			isa = PBXFrameworksBuildPhase;
			buildActionMask = 2147483647;
			files = (
				689ED46DB973976C3A1E0B59 /* Pods_ReactivePokemonTests.framework in Frameworks */,
			);
			runOnlyForDeploymentPostprocessing = 0;
		};
		8E7C4D5D1CD55ABE008AE2E2 /* Frameworks */ = {
			isa = PBXFrameworksBuildPhase;
			buildActionMask = 2147483647;
			files = (
				FA64D850AE57FFC674C68283 /* Pods_ReactivePokemon.framework in Frameworks */,
			);
			runOnlyForDeploymentPostprocessing = 0;
		};
/* End PBXFrameworksBuildPhase section */

/* Begin PBXGroup section */
		17C0BBD48C492A184CBAD066 /* Frameworks */ = {
			isa = PBXGroup;
			children = (
				D4AB0AE4A2E342E1A3C89F97 /* Pods_ReactivePokemon.framework */,
				BEF444A951D6DA5FADB05BD4 /* Pods_ReactivePokemonTests.framework */,
			);
			name = Frameworks;
			sourceTree = "<group>";
		};
		8E3E866D1D304BC0004F23CA /* StubbedJSON */ = {
			isa = PBXGroup;
			children = (
				8E3E86711D304F8C004F23CA /* pokemonPage0.json */,
				8E3E86741D30507A004F23CA /* pokemon1.json */,
				8E3E86771D305153004F23CA /* type1.json */,
			);
			path = StubbedJSON;
			sourceTree = "<group>";
		};
		8E3FC4FC1D28443600111B60 /* ReactivePokemonTests */ = {
			isa = PBXGroup;
			children = (
				8E3FC50D1D284A6C00111B60 /* ReactivePokemonTests-Bridging-Header.h */,
				8E3FC4FF1D28443600111B60 /* Info.plist */,
				8EA371AB1D30345D00C910A0 /* Builders */,
				8EA3715B1D3003C600C910A0 /* Mocks */,
				8E3FC50C1D284A5000111B60 /* PokemonList */,
				8E5F96E01D29F73C00522204 /* Shared */,
				8E3E866D1D304BC0004F23CA /* StubbedJSON */,
			);
			path = ReactivePokemonTests;
			sourceTree = "<group>";
		};
		8E3FC5051D28467300111B60 /* Network */ = {
			isa = PBXGroup;
			children = (
				8E3FC5061D28468200111B60 /* Services */,
				8EEBACE11CD571F000F40F96 /* PokeAPI.swift */,
				8EEBACE31CD5744800F40F96 /* Provider.swift */,
			);
			path = Network;
			sourceTree = "<group>";
		};
		8E3FC5061D28468200111B60 /* Services */ = {
			isa = PBXGroup;
			children = (
				8EEBACE51CD5750D00F40F96 /* PokemonService.swift */,
			);
			path = Services;
			sourceTree = "<group>";
		};
		8E3FC5071D2846A700111B60 /* Shared */ = {
			isa = PBXGroup;
			children = (
				8E7C4D631CD55ABE008AE2E2 /* AppDelegate.swift */,
				8E7C4D6A1CD55ABE008AE2E2 /* Assets.xcassets */,
				8E7C4D671CD55ABE008AE2E2 /* Main.storyboard */,
				8E73145C1D2B158E00E0B97E /* Extensions */,
				8E5F96DD1D29F70A00522204 /* Models */,
				8E3FC5051D28467300111B60 /* Network */,
				8E5F96D21D29F52000522204 /* Protocols */,
				8E73145F1D2B1B7F00E0B97E /* Util */,
			);
			path = Shared;
			sourceTree = "<group>";
		};
		8E3FC5081D28476800111B60 /* Models */ = {
			isa = PBXGroup;
			children = (
				8EEBACE71CD5756200F40F96 /* Pokemon.swift */,
				8E47E5C91D2C81E6003610C6 /* PokemonPage.swift */,
				8E7314581D2B126600E0B97E /* PokemonSprites.swift */,
				8E73145A1D2B130000E0B97E /* PokemonType.swift */,
			);
			path = Models;
			sourceTree = "<group>";
		};
		8E3FC5091D28478E00111B60 /* PokemonList */ = {
			isa = PBXGroup;
			children = (
				8E3FC50A1D2848C400111B60 /* PokemonList.storyboard */,
				8E7C4D651CD55ABE008AE2E2 /* PokemonListViewController.swift */,
				8EA371591D3001DA00C910A0 /* PokemonListCollectionView.swift */,
				8E5F96E31D2A103C00522204 /* PokemonListViewModel.swift */,
				8E7314511D2B071300E0B97E /* PokemonCell */,
			);
			path = PokemonList;
			sourceTree = "<group>";
		};
		8E3FC50C1D284A5000111B60 /* PokemonList */ = {
			isa = PBXGroup;
			children = (
				8E3FC50E1D284A6C00111B60 /* PokemonListViewControllerSpec.swift */,
				8E3FC5101D284BE100111B60 /* PokemonListViewModelSpec.swift */,
			);
			path = PokemonList;
			sourceTree = "<group>";
		};
		8E5F96D21D29F52000522204 /* Protocols */ = {
			isa = PBXGroup;
			children = (
				8E5F96D31D29F52000522204 /* CollectionViewModel.swift */,
				8EDA55FA1D31F91C002F0EE8 /* Encodable.swift */,
				8E5F96D51D29F52000522204 /* NibLoadableView.swift */,
				8E5F96D61D29F52000522204 /* ReusableView.swift */,
				8E5F96D71D29F52000522204 /* UpdatableView.swift */,
			);
			path = Protocols;
			sourceTree = "<group>";
		};
		8E5F96DD1D29F70A00522204 /* Models */ = {
			isa = PBXGroup;
			children = (
				8E5F96DE1D29F70A00522204 /* CellUpdater.swift */,
				8EDA55EE1D31792F002F0EE8 /* DebugDetector.swift */,
				8EDA55EC1D3178B5002F0EE8 /* ErrorHandler.swift */,
			);
			path = Models;
			sourceTree = "<group>";
		};
		8E5F96E01D29F73C00522204 /* Shared */ = {
			isa = PBXGroup;
			children = (
				8E73144E1D2AF5DA00E0B97E /* Network */,
				8E5F96E11D29F76800522204 /* CellUpdaterSpec.swift */,
			);
			path = Shared;
			sourceTree = "<group>";
		};
		8E73144E1D2AF5DA00E0B97E /* Network */ = {
			isa = PBXGroup;
			children = (
				8E73144F1D2AF62000E0B97E /* PokemonServiceSpec.swift */,
			);
			path = Network;
			sourceTree = "<group>";
		};
		8E7314511D2B071300E0B97E /* PokemonCell */ = {
			isa = PBXGroup;
			children = (
				8E7314521D2B071C00E0B97E /* PokemonCell.swift */,
				8E7314541D2B074F00E0B97E /* PokemonCellViewModel.swift */,
				8E7314561D2B09E400E0B97E /* PokemonCell.xib */,
			);
			path = PokemonCell;
			sourceTree = "<group>";
		};
		8E73145C1D2B158E00E0B97E /* Extensions */ = {
			isa = PBXGroup;
			children = (
				8EDA55F61D31AD98002F0EE8 /* RAC+Ext.swift */,
				8EDA55F01D317E4C002F0EE8 /* UIAlertController+Ext.swift */,
				8E73145D1D2B159A00E0B97E /* UICollectionView+Ext.swift */,
				8EDA55F81D31B7B9002F0EE8 /* String+Ext.swift */,
			);
			path = Extensions;
			sourceTree = "<group>";
		};
		8E73145F1D2B1B7F00E0B97E /* Util */ = {
			isa = PBXGroup;
			children = (
				8E7314601D2B1B9200E0B97E /* ImageCatalog.swift */,
			);
			path = Util;
			sourceTree = "<group>";
		};
		8E7C4D571CD55ABE008AE2E2 = {
			isa = PBXGroup;
			children = (
				17C0BBD48C492A184CBAD066 /* Frameworks */,
				9EA4209D23E1AC2F05D68DEB /* Pods */,
				8E7C4D611CD55ABE008AE2E2 /* Products */,
				8E7C4D621CD55ABE008AE2E2 /* ReactivePokemon */,
				8E3FC4FC1D28443600111B60 /* ReactivePokemonTests */,
			);
			sourceTree = "<group>";
		};
		8E7C4D611CD55ABE008AE2E2 /* Products */ = {
			isa = PBXGroup;
			children = (
				8E7C4D601CD55ABE008AE2E2 /* ReactivePokemon.app */,
				8E3FC4FB1D28443600111B60 /* ReactivePokemonTests.xctest */,
			);
			name = Products;
			sourceTree = "<group>";
		};
		8E7C4D621CD55ABE008AE2E2 /* ReactivePokemon */ = {
			isa = PBXGroup;
			children = (
				8E3FC5081D28476800111B60 /* Models */,
				8E3FC5091D28478E00111B60 /* PokemonList */,
				8E3FC5071D2846A700111B60 /* Shared */,
				8E7C4D6F1CD55ABE008AE2E2 /* Info.plist */,
			);
			path = ReactivePokemon;
			sourceTree = "<group>";
		};
		8EA3715B1D3003C600C910A0 /* Mocks */ = {
			isa = PBXGroup;
			children = (
				8EA3715C1D30047D00C910A0 /* MockPokemonService.swift */,
				8EA3715E1D30054900C910A0 /* MockProvider.swift */,
			);
			path = Mocks;
			sourceTree = "<group>";
		};
		8EA371AB1D30345D00C910A0 /* Builders */ = {
			isa = PBXGroup;
			children = (
				8EA371AC1D30346A00C910A0 /* PokemonPageBuilder.swift */,
				8EA371AE1D3034FA00C910A0 /* PokemonPagePokemonBuilder.swift */,
			);
			path = Builders;
			sourceTree = "<group>";
		};
		9EA4209D23E1AC2F05D68DEB /* Pods */ = {
			isa = PBXGroup;
			children = (
				111D404A04D03FD55EC6F220 /* Pods-ReactivePokemon.debug.xcconfig */,
				5153F99D67C5299E73143E71 /* Pods-ReactivePokemon.release.xcconfig */,
				7E165EF6676AEEAE471D1D88 /* Pods-ReactivePokemonTests.debug.xcconfig */,
				00FFE7F59BCF0AEC2F83AAA6 /* Pods-ReactivePokemonTests.release.xcconfig */,
			);
			name = Pods;
			sourceTree = "<group>";
		};
/* End PBXGroup section */

/* Begin PBXNativeTarget section */
		8E3FC4FA1D28443600111B60 /* ReactivePokemonTests */ = {
			isa = PBXNativeTarget;
			buildConfigurationList = 8E3FC5041D28443600111B60 /* Build configuration list for PBXNativeTarget "ReactivePokemonTests" */;
			buildPhases = (
				1A1E19E88366EA2E7930E1D0 /* [CP] Check Pods Manifest.lock */,
				8E3FC4F71D28443600111B60 /* Sources */,
				8E3FC4F81D28443600111B60 /* Frameworks */,
				8E3FC4F91D28443600111B60 /* Resources */,
				8DB224A59FE30A5465B97017 /* [CP] Embed Pods Frameworks */,
				610A94AE6B16D9EFB391A3E7 /* [CP] Copy Pods Resources */,
			);
			buildRules = (
			);
			dependencies = (
				8E3FC5011D28443600111B60 /* PBXTargetDependency */,
			);
			name = ReactivePokemonTests;
			productName = ReactivePokemonTests;
			productReference = 8E3FC4FB1D28443600111B60 /* ReactivePokemonTests.xctest */;
			productType = "com.apple.product-type.bundle.unit-test";
		};
		8E7C4D5F1CD55ABE008AE2E2 /* ReactivePokemon */ = {
			isa = PBXNativeTarget;
			buildConfigurationList = 8E7C4D721CD55ABE008AE2E2 /* Build configuration list for PBXNativeTarget "ReactivePokemon" */;
			buildPhases = (
				D10B41B03A8BFFF7F32D3010 /* [CP] Check Pods Manifest.lock */,
				8E7C4D5C1CD55ABE008AE2E2 /* Sources */,
				8E7C4D5D1CD55ABE008AE2E2 /* Frameworks */,
				8E7C4D5E1CD55ABE008AE2E2 /* Resources */,
				A9DC3895F4AB560542FCE1C6 /* [CP] Embed Pods Frameworks */,
				B45D11212BB2D6F22944E675 /* [CP] Copy Pods Resources */,
			);
			buildRules = (
			);
			dependencies = (
			);
			name = ReactivePokemon;
			productName = ReactivePokemon;
			productReference = 8E7C4D601CD55ABE008AE2E2 /* ReactivePokemon.app */;
			productType = "com.apple.product-type.application";
		};
/* End PBXNativeTarget section */

/* Begin PBXProject section */
		8E7C4D581CD55ABE008AE2E2 /* Project object */ = {
			isa = PBXProject;
			attributes = {
				LastSwiftUpdateCheck = 0730;
				LastUpgradeCheck = 0730;
				TargetAttributes = {
					8E3FC4FA1D28443600111B60 = {
						CreatedOnToolsVersion = 7.3.1;
						TestTargetID = 8E7C4D5F1CD55ABE008AE2E2;
					};
					8E7C4D5F1CD55ABE008AE2E2 = {
						CreatedOnToolsVersion = 7.3;
					};
				};
			};
			buildConfigurationList = 8E7C4D5B1CD55ABE008AE2E2 /* Build configuration list for PBXProject "ReactivePokemon" */;
			compatibilityVersion = "Xcode 3.2";
			developmentRegion = English;
			hasScannedForEncodings = 0;
			knownRegions = (
				en,
				Base,
			);
			mainGroup = 8E7C4D571CD55ABE008AE2E2;
			productRefGroup = 8E7C4D611CD55ABE008AE2E2 /* Products */;
			projectDirPath = "";
			projectRoot = "";
			targets = (
				8E7C4D5F1CD55ABE008AE2E2 /* ReactivePokemon */,
				8E3FC4FA1D28443600111B60 /* ReactivePokemonTests */,
			);
		};
/* End PBXProject section */

/* Begin PBXResourcesBuildPhase section */
		8E3FC4F91D28443600111B60 /* Resources */ = {
			isa = PBXResourcesBuildPhase;
			buildActionMask = 2147483647;
			files = (
				8E3E86731D304F8C004F23CA /* pokemonPage0.json in Resources */,
				8E3E86761D30507A004F23CA /* pokemon1.json in Resources */,
				8E3E86791D305153004F23CA /* type1.json in Resources */,
			);
			runOnlyForDeploymentPostprocessing = 0;
		};
		8E7C4D5E1CD55ABE008AE2E2 /* Resources */ = {
			isa = PBXResourcesBuildPhase;
			buildActionMask = 2147483647;
			files = (
				8E7C4D6B1CD55ABE008AE2E2 /* Assets.xcassets in Resources */,
				8E3E86751D30507A004F23CA /* pokemon1.json in Resources */,
				8E7314571D2B09E400E0B97E /* PokemonCell.xib in Resources */,
				8E3E86721D304F8C004F23CA /* pokemonPage0.json in Resources */,
				8E7C4D691CD55ABE008AE2E2 /* Main.storyboard in Resources */,
				8E3E86781D305153004F23CA /* type1.json in Resources */,
				8E3FC50B1D2848C400111B60 /* PokemonList.storyboard in Resources */,
			);
			runOnlyForDeploymentPostprocessing = 0;
		};
/* End PBXResourcesBuildPhase section */

/* Begin PBXShellScriptBuildPhase section */
		1A1E19E88366EA2E7930E1D0 /* [CP] Check Pods Manifest.lock */ = {
			isa = PBXShellScriptBuildPhase;
			buildActionMask = 2147483647;
			files = (
			);
			inputPaths = (
			);
			name = "[CP] Check Pods Manifest.lock";
			outputPaths = (
			);
			runOnlyForDeploymentPostprocessing = 0;
			shellPath = /bin/sh;
			shellScript = "diff \"${PODS_ROOT}/../Podfile.lock\" \"${PODS_ROOT}/Manifest.lock\" > /dev/null\nif [[ $? != 0 ]] ; then\n    cat << EOM\nerror: The sandbox is not in sync with the Podfile.lock. Run 'pod install' or update your CocoaPods installation.\nEOM\n    exit 1\nfi\n";
			showEnvVarsInLog = 0;
		};
		610A94AE6B16D9EFB391A3E7 /* [CP] Copy Pods Resources */ = {
			isa = PBXShellScriptBuildPhase;
			buildActionMask = 2147483647;
			files = (
			);
			inputPaths = (
			);
			name = "[CP] Copy Pods Resources";
			outputPaths = (
			);
			runOnlyForDeploymentPostprocessing = 0;
			shellPath = /bin/sh;
			shellScript = "\"${SRCROOT}/Pods/Target Support Files/Pods-ReactivePokemonTests/Pods-ReactivePokemonTests-resources.sh\"\n";
			showEnvVarsInLog = 0;
		};
		8DB224A59FE30A5465B97017 /* [CP] Embed Pods Frameworks */ = {
			isa = PBXShellScriptBuildPhase;
			buildActionMask = 2147483647;
			files = (
			);
			inputPaths = (
			);
			name = "[CP] Embed Pods Frameworks";
			outputPaths = (
			);
			runOnlyForDeploymentPostprocessing = 0;
			shellPath = /bin/sh;
			shellScript = "\"${SRCROOT}/Pods/Target Support Files/Pods-ReactivePokemonTests/Pods-ReactivePokemonTests-frameworks.sh\"\n";
			showEnvVarsInLog = 0;
		};
		A9DC3895F4AB560542FCE1C6 /* [CP] Embed Pods Frameworks */ = {
			isa = PBXShellScriptBuildPhase;
			buildActionMask = 2147483647;
			files = (
			);
			inputPaths = (
			);
			name = "[CP] Embed Pods Frameworks";
			outputPaths = (
			);
			runOnlyForDeploymentPostprocessing = 0;
			shellPath = /bin/sh;
			shellScript = "\"${SRCROOT}/Pods/Target Support Files/Pods-ReactivePokemon/Pods-ReactivePokemon-frameworks.sh\"\n";
			showEnvVarsInLog = 0;
		};
		B45D11212BB2D6F22944E675 /* [CP] Copy Pods Resources */ = {
			isa = PBXShellScriptBuildPhase;
			buildActionMask = 2147483647;
			files = (
			);
			inputPaths = (
			);
			name = "[CP] Copy Pods Resources";
			outputPaths = (
			);
			runOnlyForDeploymentPostprocessing = 0;
			shellPath = /bin/sh;
			shellScript = "\"${SRCROOT}/Pods/Target Support Files/Pods-ReactivePokemon/Pods-ReactivePokemon-resources.sh\"\n";
			showEnvVarsInLog = 0;
		};
		D10B41B03A8BFFF7F32D3010 /* [CP] Check Pods Manifest.lock */ = {
			isa = PBXShellScriptBuildPhase;
			buildActionMask = 2147483647;
			files = (
			);
			inputPaths = (
			);
			name = "[CP] Check Pods Manifest.lock";
			outputPaths = (
			);
			runOnlyForDeploymentPostprocessing = 0;
			shellPath = /bin/sh;
			shellScript = "diff \"${PODS_ROOT}/../Podfile.lock\" \"${PODS_ROOT}/Manifest.lock\" > /dev/null\nif [[ $? != 0 ]] ; then\n    cat << EOM\nerror: The sandbox is not in sync with the Podfile.lock. Run 'pod install' or update your CocoaPods installation.\nEOM\n    exit 1\nfi\n";
			showEnvVarsInLog = 0;
		};
/* End PBXShellScriptBuildPhase section */

/* Begin PBXSourcesBuildPhase section */
		8E3FC4F71D28443600111B60 /* Sources */ = {
			isa = PBXSourcesBuildPhase;
			buildActionMask = 2147483647;
			files = (
				8EA371AF1D3034FA00C910A0 /* PokemonPagePokemonBuilder.swift in Sources */,
				8E5F96E21D29F76800522204 /* CellUpdaterSpec.swift in Sources */,
				8E7314501D2AF62000E0B97E /* PokemonServiceSpec.swift in Sources */,
				8EA371AD1D30346A00C910A0 /* PokemonPageBuilder.swift in Sources */,
				8EA3715F1D30054900C910A0 /* MockProvider.swift in Sources */,
				8EA3715D1D30047D00C910A0 /* MockPokemonService.swift in Sources */,
				8E3FC5111D284BE100111B60 /* PokemonListViewModelSpec.swift in Sources */,
				8E3FC50F1D284A6C00111B60 /* PokemonListViewControllerSpec.swift in Sources */,
			);
			runOnlyForDeploymentPostprocessing = 0;
		};
		8E7C4D5C1CD55ABE008AE2E2 /* Sources */ = {
			isa = PBXSourcesBuildPhase;
			buildActionMask = 2147483647;
			files = (
				8E5F96DB1D29F52000522204 /* ReusableView.swift in Sources */,
				8EEBACE61CD5750D00F40F96 /* PokemonService.swift in Sources */,
				8E5F96DC1D29F52000522204 /* UpdatableView.swift in Sources */,
				8E73145E1D2B159A00E0B97E /* UICollectionView+Ext.swift in Sources */,
				8E7314531D2B071C00E0B97E /* PokemonCell.swift in Sources */,
				8EEBACE41CD5744800F40F96 /* Provider.swift in Sources */,
				8E5F96DA1D29F52000522204 /* NibLoadableView.swift in Sources */,
				8E5F96D81D29F52000522204 /* CollectionViewModel.swift in Sources */,
				8E73145B1D2B130000E0B97E /* PokemonType.swift in Sources */,
				8EEBACE21CD571F000F40F96 /* PokeAPI.swift in Sources */,
				8E7C4D661CD55ABE008AE2E2 /* PokemonListViewController.swift in Sources */,
				8E7C4D641CD55ABE008AE2E2 /* AppDelegate.swift in Sources */,
				8E7314551D2B074F00E0B97E /* PokemonCellViewModel.swift in Sources */,
				8EDA55EF1D31792F002F0EE8 /* DebugDetector.swift in Sources */,
				8E47E5CA1D2C81E6003610C6 /* PokemonPage.swift in Sources */,
				8EDA55FB1D31F91C002F0EE8 /* Encodable.swift in Sources */,
				8EA3715A1D3001DA00C910A0 /* PokemonListCollectionView.swift in Sources */,
				8EDA55F11D317E4C002F0EE8 /* UIAlertController+Ext.swift in Sources */,
				8EDA55ED1D3178B5002F0EE8 /* ErrorHandler.swift in Sources */,
				8EDA55F91D31B7B9002F0EE8 /* String+Ext.swift in Sources */,
				8EDA55F71D31AD98002F0EE8 /* RAC+Ext.swift in Sources */,
				8E7314611D2B1B9200E0B97E /* ImageCatalog.swift in Sources */,
				8E7314591D2B126600E0B97E /* PokemonSprites.swift in Sources */,
				8E5F96DF1D29F70A00522204 /* CellUpdater.swift in Sources */,
				8E5F96E41D2A103C00522204 /* PokemonListViewModel.swift in Sources */,
				8EEBACE81CD5756200F40F96 /* Pokemon.swift in Sources */,
			);
			runOnlyForDeploymentPostprocessing = 0;
		};
/* End PBXSourcesBuildPhase section */

/* Begin PBXTargetDependency section */
		8E3FC5011D28443600111B60 /* PBXTargetDependency */ = {
			isa = PBXTargetDependency;
			target = 8E7C4D5F1CD55ABE008AE2E2 /* ReactivePokemon */;
			targetProxy = 8E3FC5001D28443600111B60 /* PBXContainerItemProxy */;
		};
/* End PBXTargetDependency section */

/* Begin PBXVariantGroup section */
		8E7C4D671CD55ABE008AE2E2 /* Main.storyboard */ = {
			isa = PBXVariantGroup;
			children = (
				8E7C4D681CD55ABE008AE2E2 /* Base */,
			);
			name = Main.storyboard;
			path = .;
			sourceTree = "<group>";
		};
/* End PBXVariantGroup section */

/* Begin XCBuildConfiguration section */
		8E3FC5021D28443600111B60 /* Debug */ = {
			isa = XCBuildConfiguration;
			baseConfigurationReference = 7E165EF6676AEEAE471D1D88 /* Pods-ReactivePokemonTests.debug.xcconfig */;
			buildSettings = {
				BUNDLE_LOADER = "$(TEST_HOST)";
				CLANG_ENABLE_MODULES = YES;
				INFOPLIST_FILE = ReactivePokemonTests/Info.plist;
				LD_RUNPATH_SEARCH_PATHS = "$(inherited) @executable_path/Frameworks @loader_path/Frameworks";
				PRODUCT_BUNDLE_IDENTIFIER = com.teddyku.ReactivePokemonTests;
				PRODUCT_NAME = "$(TARGET_NAME)";
				SWIFT_OBJC_BRIDGING_HEADER = "ReactivePokemonTests/PokemonList/ReactivePokemonTests-Bridging-Header.h";
				SWIFT_OPTIMIZATION_LEVEL = "-Onone";
				TEST_HOST = "$(BUILT_PRODUCTS_DIR)/ReactivePokemon.app/ReactivePokemon";
			};
			name = Debug;
		};
		8E3FC5031D28443600111B60 /* Release */ = {
			isa = XCBuildConfiguration;
			baseConfigurationReference = 00FFE7F59BCF0AEC2F83AAA6 /* Pods-ReactivePokemonTests.release.xcconfig */;
			buildSettings = {
				BUNDLE_LOADER = "$(TEST_HOST)";
				CLANG_ENABLE_MODULES = YES;
				INFOPLIST_FILE = ReactivePokemonTests/Info.plist;
				LD_RUNPATH_SEARCH_PATHS = "$(inherited) @executable_path/Frameworks @loader_path/Frameworks";
				PRODUCT_BUNDLE_IDENTIFIER = com.teddyku.ReactivePokemonTests;
				PRODUCT_NAME = "$(TARGET_NAME)";
				SWIFT_OBJC_BRIDGING_HEADER = "ReactivePokemonTests/PokemonList/ReactivePokemonTests-Bridging-Header.h";
				TEST_HOST = "$(BUILT_PRODUCTS_DIR)/ReactivePokemon.app/ReactivePokemon";
			};
			name = Release;
		};
		8E7C4D701CD55ABE008AE2E2 /* Debug */ = {
			isa = XCBuildConfiguration;
			buildSettings = {
				ALWAYS_SEARCH_USER_PATHS = NO;
				CLANG_ANALYZER_NONNULL = YES;
				CLANG_CXX_LANGUAGE_STANDARD = "gnu++0x";
				CLANG_CXX_LIBRARY = "libc++";
				CLANG_ENABLE_MODULES = YES;
				CLANG_ENABLE_OBJC_ARC = YES;
				CLANG_WARN_BOOL_CONVERSION = YES;
				CLANG_WARN_CONSTANT_CONVERSION = YES;
				CLANG_WARN_DIRECT_OBJC_ISA_USAGE = YES_ERROR;
				CLANG_WARN_EMPTY_BODY = YES;
				CLANG_WARN_ENUM_CONVERSION = YES;
				CLANG_WARN_INT_CONVERSION = YES;
				CLANG_WARN_OBJC_ROOT_CLASS = YES_ERROR;
				CLANG_WARN_UNREACHABLE_CODE = YES;
				CLANG_WARN__DUPLICATE_METHOD_MATCH = YES;
				"CODE_SIGN_IDENTITY[sdk=iphoneos*]" = "iPhone Developer";
				COPY_PHASE_STRIP = NO;
				DEBUG_INFORMATION_FORMAT = dwarf;
				ENABLE_STRICT_OBJC_MSGSEND = YES;
				ENABLE_TESTABILITY = YES;
				GCC_C_LANGUAGE_STANDARD = gnu99;
				GCC_DYNAMIC_NO_PIC = NO;
				GCC_NO_COMMON_BLOCKS = YES;
				GCC_OPTIMIZATION_LEVEL = 0;
				GCC_PREPROCESSOR_DEFINITIONS = (
					"DEBUG=1",
					"$(inherited)",
				);
				GCC_WARN_64_TO_32_BIT_CONVERSION = YES;
				GCC_WARN_ABOUT_RETURN_TYPE = YES_ERROR;
				GCC_WARN_UNDECLARED_SELECTOR = YES;
				GCC_WARN_UNINITIALIZED_AUTOS = YES_AGGRESSIVE;
				GCC_WARN_UNUSED_FUNCTION = YES;
				GCC_WARN_UNUSED_VARIABLE = YES;
				IPHONEOS_DEPLOYMENT_TARGET = 9.3;
				MTL_ENABLE_DEBUG_INFO = YES;
				ONLY_ACTIVE_ARCH = YES;
				SDKROOT = iphoneos;
				SWIFT_OPTIMIZATION_LEVEL = "-Onone";
				TARGETED_DEVICE_FAMILY = "1,2";
			};
			name = Debug;
		};
		8E7C4D711CD55ABE008AE2E2 /* Release */ = {
			isa = XCBuildConfiguration;
			buildSettings = {
				ALWAYS_SEARCH_USER_PATHS = NO;
				CLANG_ANALYZER_NONNULL = YES;
				CLANG_CXX_LANGUAGE_STANDARD = "gnu++0x";
				CLANG_CXX_LIBRARY = "libc++";
				CLANG_ENABLE_MODULES = YES;
				CLANG_ENABLE_OBJC_ARC = YES;
				CLANG_WARN_BOOL_CONVERSION = YES;
				CLANG_WARN_CONSTANT_CONVERSION = YES;
				CLANG_WARN_DIRECT_OBJC_ISA_USAGE = YES_ERROR;
				CLANG_WARN_EMPTY_BODY = YES;
				CLANG_WARN_ENUM_CONVERSION = YES;
				CLANG_WARN_INT_CONVERSION = YES;
				CLANG_WARN_OBJC_ROOT_CLASS = YES_ERROR;
				CLANG_WARN_UNREACHABLE_CODE = YES;
				CLANG_WARN__DUPLICATE_METHOD_MATCH = YES;
				"CODE_SIGN_IDENTITY[sdk=iphoneos*]" = "iPhone Developer";
				COPY_PHASE_STRIP = NO;
				DEBUG_INFORMATION_FORMAT = "dwarf-with-dsym";
				ENABLE_NS_ASSERTIONS = NO;
				ENABLE_STRICT_OBJC_MSGSEND = YES;
				GCC_C_LANGUAGE_STANDARD = gnu99;
				GCC_NO_COMMON_BLOCKS = YES;
				GCC_WARN_64_TO_32_BIT_CONVERSION = YES;
				GCC_WARN_ABOUT_RETURN_TYPE = YES_ERROR;
				GCC_WARN_UNDECLARED_SELECTOR = YES;
				GCC_WARN_UNINITIALIZED_AUTOS = YES_AGGRESSIVE;
				GCC_WARN_UNUSED_FUNCTION = YES;
				GCC_WARN_UNUSED_VARIABLE = YES;
				IPHONEOS_DEPLOYMENT_TARGET = 9.3;
				MTL_ENABLE_DEBUG_INFO = NO;
				SDKROOT = iphoneos;
				TARGETED_DEVICE_FAMILY = "1,2";
				VALIDATE_PRODUCT = YES;
			};
			name = Release;
		};
		8E7C4D731CD55ABE008AE2E2 /* Debug */ = {
			isa = XCBuildConfiguration;
			baseConfigurationReference = 111D404A04D03FD55EC6F220 /* Pods-ReactivePokemon.debug.xcconfig */;
			buildSettings = {
				ASSETCATALOG_COMPILER_APPICON_NAME = AppIcon;
				INFOPLIST_FILE = ReactivePokemon/Info.plist;
				LD_RUNPATH_SEARCH_PATHS = "$(inherited) @executable_path/Frameworks";
				PRODUCT_BUNDLE_IDENTIFIER = com.teddy.ReactivePokemon;
				PRODUCT_NAME = "$(TARGET_NAME)";
			};
			name = Debug;
		};
		8E7C4D741CD55ABE008AE2E2 /* Release */ = {
			isa = XCBuildConfiguration;
			baseConfigurationReference = 5153F99D67C5299E73143E71 /* Pods-ReactivePokemon.release.xcconfig */;
			buildSettings = {
				ASSETCATALOG_COMPILER_APPICON_NAME = AppIcon;
				INFOPLIST_FILE = ReactivePokemon/Info.plist;
				LD_RUNPATH_SEARCH_PATHS = "$(inherited) @executable_path/Frameworks";
				PRODUCT_BUNDLE_IDENTIFIER = com.teddy.ReactivePokemon;
				PRODUCT_NAME = "$(TARGET_NAME)";
			};
			name = Release;
		};
/* End XCBuildConfiguration section */

/* Begin XCConfigurationList section */
		8E3FC5041D28443600111B60 /* Build configuration list for PBXNativeTarget "ReactivePokemonTests" */ = {
			isa = XCConfigurationList;
			buildConfigurations = (
				8E3FC5021D28443600111B60 /* Debug */,
				8E3FC5031D28443600111B60 /* Release */,
			);
			defaultConfigurationIsVisible = 0;
			defaultConfigurationName = Release;
		};
		8E7C4D5B1CD55ABE008AE2E2 /* Build configuration list for PBXProject "ReactivePokemon" */ = {
			isa = XCConfigurationList;
			buildConfigurations = (
				8E7C4D701CD55ABE008AE2E2 /* Debug */,
				8E7C4D711CD55ABE008AE2E2 /* Release */,
			);
			defaultConfigurationIsVisible = 0;
			defaultConfigurationName = Release;
		};
		8E7C4D721CD55ABE008AE2E2 /* Build configuration list for PBXNativeTarget "ReactivePokemon" */ = {
			isa = XCConfigurationList;
			buildConfigurations = (
				8E7C4D731CD55ABE008AE2E2 /* Debug */,
				8E7C4D741CD55ABE008AE2E2 /* Release */,
			);
			defaultConfigurationIsVisible = 0;
			defaultConfigurationName = Release;
		};
/* End XCConfigurationList section */
	};
	rootObject = 8E7C4D581CD55ABE008AE2E2 /* Project object */;
}
