// !$*UTF8*$!
{
	archiveVersion = 1;
	classes = {
	};
	objectVersion = 46;
	objects = {

/* Begin PBXBuildFile section */
		8E7C4D641CD55ABE008AE2E2 /* AppDelegate.swift in Sources */ = {isa = PBXBuildFile; fileRef = 8E7C4D631CD55ABE008AE2E2 /* AppDelegate.swift */; };
		8E7C4D661CD55ABE008AE2E2 /* ViewController.swift in Sources */ = {isa = PBXBuildFile; fileRef = 8E7C4D651CD55ABE008AE2E2 /* ViewController.swift */; };
		8E7C4D691CD55ABE008AE2E2 /* Main.storyboard in Resources */ = {isa = PBXBuildFile; fileRef = 8E7C4D671CD55ABE008AE2E2 /* Main.storyboard */; };
		8E7C4D6B1CD55ABE008AE2E2 /* Assets.xcassets in Resources */ = {isa = PBXBuildFile; fileRef = 8E7C4D6A1CD55ABE008AE2E2 /* Assets.xcassets */; };
		8E7C4D6E1CD55ABE008AE2E2 /* LaunchScreen.storyboard in Resources */ = {isa = PBXBuildFile; fileRef = 8E7C4D6C1CD55ABE008AE2E2 /* LaunchScreen.storyboard */; };
		8EEBACE21CD571F000F40F96 /* PokeAPI.swift in Sources */ = {isa = PBXBuildFile; fileRef = 8EEBACE11CD571F000F40F96 /* PokeAPI.swift */; };
		8EEBACE41CD5744800F40F96 /* Provider.swift in Sources */ = {isa = PBXBuildFile; fileRef = 8EEBACE31CD5744800F40F96 /* Provider.swift */; };
		8EEBACE61CD5750D00F40F96 /* PokemonService.swift in Sources */ = {isa = PBXBuildFile; fileRef = 8EEBACE51CD5750D00F40F96 /* PokemonService.swift */; };
		8EEBACE81CD5756200F40F96 /* Pokemon.swift in Sources */ = {isa = PBXBuildFile; fileRef = 8EEBACE71CD5756200F40F96 /* Pokemon.swift */; };
		8EEBACEC1CD58F0E00F40F96 /* pokemon1.json in Resources */ = {isa = PBXBuildFile; fileRef = 8EEBACEB1CD58F0E00F40F96 /* pokemon1.json */; };
		FA64D850AE57FFC674C68283 /* Pods_ReactivePokemon.framework in Frameworks */ = {isa = PBXBuildFile; fileRef = D4AB0AE4A2E342E1A3C89F97 /* Pods_ReactivePokemon.framework */; };
/* End PBXBuildFile section */

/* Begin PBXFileReference section */
		111D404A04D03FD55EC6F220 /* Pods-ReactivePokemon.debug.xcconfig */ = {isa = PBXFileReference; includeInIndex = 1; lastKnownFileType = text.xcconfig; name = "Pods-ReactivePokemon.debug.xcconfig"; path = "Pods/Target Support Files/Pods-ReactivePokemon/Pods-ReactivePokemon.debug.xcconfig"; sourceTree = "<group>"; };
		5153F99D67C5299E73143E71 /* Pods-ReactivePokemon.release.xcconfig */ = {isa = PBXFileReference; includeInIndex = 1; lastKnownFileType = text.xcconfig; name = "Pods-ReactivePokemon.release.xcconfig"; path = "Pods/Target Support Files/Pods-ReactivePokemon/Pods-ReactivePokemon.release.xcconfig"; sourceTree = "<group>"; };
		8E7C4D601CD55ABE008AE2E2 /* ReactivePokemon.app */ = {isa = PBXFileReference; explicitFileType = wrapper.application; includeInIndex = 0; path = ReactivePokemon.app; sourceTree = BUILT_PRODUCTS_DIR; };
		8E7C4D631CD55ABE008AE2E2 /* AppDelegate.swift */ = {isa = PBXFileReference; lastKnownFileType = sourcecode.swift; path = AppDelegate.swift; sourceTree = "<group>"; };
		8E7C4D651CD55ABE008AE2E2 /* ViewController.swift */ = {isa = PBXFileReference; lastKnownFileType = sourcecode.swift; path = ViewController.swift; sourceTree = "<group>"; };
		8E7C4D681CD55ABE008AE2E2 /* Base */ = {isa = PBXFileReference; lastKnownFileType = file.storyboard; name = Base; path = Base.lproj/Main.storyboard; sourceTree = "<group>"; };
		8E7C4D6A1CD55ABE008AE2E2 /* Assets.xcassets */ = {isa = PBXFileReference; lastKnownFileType = folder.assetcatalog; path = Assets.xcassets; sourceTree = "<group>"; };
		8E7C4D6D1CD55ABE008AE2E2 /* Base */ = {isa = PBXFileReference; lastKnownFileType = file.storyboard; name = Base; path = Base.lproj/LaunchScreen.storyboard; sourceTree = "<group>"; };
		8E7C4D6F1CD55ABE008AE2E2 /* Info.plist */ = {isa = PBXFileReference; lastKnownFileType = text.plist.xml; path = Info.plist; sourceTree = "<group>"; };
		8EEBACE11CD571F000F40F96 /* PokeAPI.swift */ = {isa = PBXFileReference; fileEncoding = 4; lastKnownFileType = sourcecode.swift; path = PokeAPI.swift; sourceTree = "<group>"; };
		8EEBACE31CD5744800F40F96 /* Provider.swift */ = {isa = PBXFileReference; fileEncoding = 4; lastKnownFileType = sourcecode.swift; path = Provider.swift; sourceTree = "<group>"; };
		8EEBACE51CD5750D00F40F96 /* PokemonService.swift */ = {isa = PBXFileReference; fileEncoding = 4; lastKnownFileType = sourcecode.swift; path = PokemonService.swift; sourceTree = "<group>"; };
		8EEBACE71CD5756200F40F96 /* Pokemon.swift */ = {isa = PBXFileReference; fileEncoding = 4; lastKnownFileType = sourcecode.swift; path = Pokemon.swift; sourceTree = "<group>"; };
		8EEBACEB1CD58F0E00F40F96 /* pokemon1.json */ = {isa = PBXFileReference; fileEncoding = 4; lastKnownFileType = text.json; path = pokemon1.json; sourceTree = "<group>"; };
		D4AB0AE4A2E342E1A3C89F97 /* Pods_ReactivePokemon.framework */ = {isa = PBXFileReference; explicitFileType = wrapper.framework; includeInIndex = 0; path = Pods_ReactivePokemon.framework; sourceTree = BUILT_PRODUCTS_DIR; };
/* End PBXFileReference section */

/* Begin PBXFrameworksBuildPhase section */
		8E7C4D5D1CD55ABE008AE2E2 /* Frameworks */ = {
			isa = PBXFrameworksBuildPhase;
			buildActionMask = 2147483647;
			files = (
				FA64D850AE57FFC674C68283 /* Pods_ReactivePokemon.framework in Frameworks */,
			);
			runOnlyForDeploymentPostprocessing = 0;
		};
/* End PBXFrameworksBuildPhase section */

/* Begin PBXGroup section */
		17C0BBD48C492A184CBAD066 /* Frameworks */ = {
			isa = PBXGroup;
			children = (
				D4AB0AE4A2E342E1A3C89F97 /* Pods_ReactivePokemon.framework */,
			);
			name = Frameworks;
			sourceTree = "<group>";
		};
		8E7C4D571CD55ABE008AE2E2 = {
			isa = PBXGroup;
			children = (
				8E7C4D621CD55ABE008AE2E2 /* ReactivePokemon */,
				8E7C4D611CD55ABE008AE2E2 /* Products */,
				9EA4209D23E1AC2F05D68DEB /* Pods */,
				17C0BBD48C492A184CBAD066 /* Frameworks */,
			);
			sourceTree = "<group>";
		};
		8E7C4D611CD55ABE008AE2E2 /* Products */ = {
			isa = PBXGroup;
			children = (
				8E7C4D601CD55ABE008AE2E2 /* ReactivePokemon.app */,
			);
			name = Products;
			sourceTree = "<group>";
		};
		8E7C4D621CD55ABE008AE2E2 /* ReactivePokemon */ = {
			isa = PBXGroup;
			children = (
				8E7C4D6F1CD55ABE008AE2E2 /* Info.plist */,
				8E7C4D631CD55ABE008AE2E2 /* AppDelegate.swift */,
				8EEBACE11CD571F000F40F96 /* PokeAPI.swift */,
				8EEBACE71CD5756200F40F96 /* Pokemon.swift */,
				8EEBACE51CD5750D00F40F96 /* PokemonService.swift */,
				8EEBACE31CD5744800F40F96 /* Provider.swift */,
				8E7C4D651CD55ABE008AE2E2 /* ViewController.swift */,
				8E7C4D6A1CD55ABE008AE2E2 /* Assets.xcassets */,
				8E7C4D6C1CD55ABE008AE2E2 /* LaunchScreen.storyboard */,
				8E7C4D671CD55ABE008AE2E2 /* Main.storyboard */,
				8EEBACEB1CD58F0E00F40F96 /* pokemon1.json */,
			);
			path = ReactivePokemon;
			sourceTree = "<group>";
		};
		9EA4209D23E1AC2F05D68DEB /* Pods */ = {
			isa = PBXGroup;
			children = (
				111D404A04D03FD55EC6F220 /* Pods-ReactivePokemon.debug.xcconfig */,
				5153F99D67C5299E73143E71 /* Pods-ReactivePokemon.release.xcconfig */,
			);
			name = Pods;
			sourceTree = "<group>";
		};
/* End PBXGroup section */

/* Begin PBXNativeTarget section */
		8E7C4D5F1CD55ABE008AE2E2 /* ReactivePokemon */ = {
			isa = PBXNativeTarget;
			buildConfigurationList = 8E7C4D721CD55ABE008AE2E2 /* Build configuration list for PBXNativeTarget "ReactivePokemon" */;
			buildPhases = (
				D10B41B03A8BFFF7F32D3010 /* [CP] Check Pods Manifest.lock */,
				8E7C4D5C1CD55ABE008AE2E2 /* Sources */,
				8E7C4D5D1CD55ABE008AE2E2 /* Frameworks */,
				8E7C4D5E1CD55ABE008AE2E2 /* Resources */,
				A9DC3895F4AB560542FCE1C6 /* [CP] Embed Pods Frameworks */,
				B45D11212BB2D6F22944E675 /* [CP] Copy Pods Resources */,
			);
			buildRules = (
			);
			dependencies = (
			);
			name = ReactivePokemon;
			productName = ReactivePokemon;
			productReference = 8E7C4D601CD55ABE008AE2E2 /* ReactivePokemon.app */;
			productType = "com.apple.product-type.application";
		};
/* End PBXNativeTarget section */

/* Begin PBXProject section */
		8E7C4D581CD55ABE008AE2E2 /* Project object */ = {
			isa = PBXProject;
			attributes = {
				LastSwiftUpdateCheck = 0730;
				LastUpgradeCheck = 0730;
				TargetAttributes = {
					8E7C4D5F1CD55ABE008AE2E2 = {
						CreatedOnToolsVersion = 7.3;
					};
				};
			};
			buildConfigurationList = 8E7C4D5B1CD55ABE008AE2E2 /* Build configuration list for PBXProject "ReactivePokemon" */;
			compatibilityVersion = "Xcode 3.2";
			developmentRegion = English;
			hasScannedForEncodings = 0;
			knownRegions = (
				en,
				Base,
			);
			mainGroup = 8E7C4D571CD55ABE008AE2E2;
			productRefGroup = 8E7C4D611CD55ABE008AE2E2 /* Products */;
			projectDirPath = "";
			projectRoot = "";
			targets = (
				8E7C4D5F1CD55ABE008AE2E2 /* ReactivePokemon */,
			);
		};
/* End PBXProject section */

/* Begin PBXResourcesBuildPhase section */
		8E7C4D5E1CD55ABE008AE2E2 /* Resources */ = {
			isa = PBXResourcesBuildPhase;
			buildActionMask = 2147483647;
			files = (
				8E7C4D6E1CD55ABE008AE2E2 /* LaunchScreen.storyboard in Resources */,
				8E7C4D6B1CD55ABE008AE2E2 /* Assets.xcassets in Resources */,
				8E7C4D691CD55ABE008AE2E2 /* Main.storyboard in Resources */,
				8EEBACEC1CD58F0E00F40F96 /* pokemon1.json in Resources */,
			);
			runOnlyForDeploymentPostprocessing = 0;
		};
/* End PBXResourcesBuildPhase section */

/* Begin PBXShellScriptBuildPhase section */
		A9DC3895F4AB560542FCE1C6 /* [CP] Embed Pods Frameworks */ = {
			isa = PBXShellScriptBuildPhase;
			buildActionMask = 2147483647;
			files = (
			);
			inputPaths = (
			);
			name = "[CP] Embed Pods Frameworks";
			outputPaths = (
			);
			runOnlyForDeploymentPostprocessing = 0;
			shellPath = /bin/sh;
			shellScript = "\"${SRCROOT}/Pods/Target Support Files/Pods-ReactivePokemon/Pods-ReactivePokemon-frameworks.sh\"\n";
			showEnvVarsInLog = 0;
		};
		B45D11212BB2D6F22944E675 /* [CP] Copy Pods Resources */ = {
			isa = PBXShellScriptBuildPhase;
			buildActionMask = 2147483647;
			files = (
			);
			inputPaths = (
			);
			name = "[CP] Copy Pods Resources";
			outputPaths = (
			);
			runOnlyForDeploymentPostprocessing = 0;
			shellPath = /bin/sh;
			shellScript = "\"${SRCROOT}/Pods/Target Support Files/Pods-ReactivePokemon/Pods-ReactivePokemon-resources.sh\"\n";
			showEnvVarsInLog = 0;
		};
		D10B41B03A8BFFF7F32D3010 /* [CP] Check Pods Manifest.lock */ = {
			isa = PBXShellScriptBuildPhase;
			buildActionMask = 2147483647;
			files = (
			);
			inputPaths = (
			);
			name = "[CP] Check Pods Manifest.lock";
			outputPaths = (
			);
			runOnlyForDeploymentPostprocessing = 0;
			shellPath = /bin/sh;
			shellScript = "diff \"${PODS_ROOT}/../Podfile.lock\" \"${PODS_ROOT}/Manifest.lock\" > /dev/null\nif [[ $? != 0 ]] ; then\n    cat << EOM\nerror: The sandbox is not in sync with the Podfile.lock. Run 'pod install' or update your CocoaPods installation.\nEOM\n    exit 1\nfi\n";
			showEnvVarsInLog = 0;
		};
/* End PBXShellScriptBuildPhase section */

/* Begin PBXSourcesBuildPhase section */
		8E7C4D5C1CD55ABE008AE2E2 /* Sources */ = {
			isa = PBXSourcesBuildPhase;
			buildActionMask = 2147483647;
			files = (
				8EEBACE61CD5750D00F40F96 /* PokemonService.swift in Sources */,
				8EEBACE41CD5744800F40F96 /* Provider.swift in Sources */,
				8EEBACE21CD571F000F40F96 /* PokeAPI.swift in Sources */,
				8E7C4D661CD55ABE008AE2E2 /* ViewController.swift in Sources */,
				8E7C4D641CD55ABE008AE2E2 /* AppDelegate.swift in Sources */,
				8EEBACE81CD5756200F40F96 /* Pokemon.swift in Sources */,
			);
			runOnlyForDeploymentPostprocessing = 0;
		};
/* End PBXSourcesBuildPhase section */

/* Begin PBXVariantGroup section */
		8E7C4D671CD55ABE008AE2E2 /* Main.storyboard */ = {
			isa = PBXVariantGroup;
			children = (
				8E7C4D681CD55ABE008AE2E2 /* Base */,
			);
			name = Main.storyboard;
			sourceTree = "<group>";
		};
		8E7C4D6C1CD55ABE008AE2E2 /* LaunchScreen.storyboard */ = {
			isa = PBXVariantGroup;
			children = (
				8E7C4D6D1CD55ABE008AE2E2 /* Base */,
			);
			name = LaunchScreen.storyboard;
			sourceTree = "<group>";
		};
/* End PBXVariantGroup section */

/* Begin XCBuildConfiguration section */
		8E7C4D701CD55ABE008AE2E2 /* Debug */ = {
			isa = XCBuildConfiguration;
			buildSettings = {
				ALWAYS_SEARCH_USER_PATHS = NO;
				CLANG_ANALYZER_NONNULL = YES;
				CLANG_CXX_LANGUAGE_STANDARD = "gnu++0x";
				CLANG_CXX_LIBRARY = "libc++";
				CLANG_ENABLE_MODULES = YES;
				CLANG_ENABLE_OBJC_ARC = YES;
				CLANG_WARN_BOOL_CONVERSION = YES;
				CLANG_WARN_CONSTANT_CONVERSION = YES;
				CLANG_WARN_DIRECT_OBJC_ISA_USAGE = YES_ERROR;
				CLANG_WARN_EMPTY_BODY = YES;
				CLANG_WARN_ENUM_CONVERSION = YES;
				CLANG_WARN_INT_CONVERSION = YES;
				CLANG_WARN_OBJC_ROOT_CLASS = YES_ERROR;
				CLANG_WARN_UNREACHABLE_CODE = YES;
				CLANG_WARN__DUPLICATE_METHOD_MATCH = YES;
				"CODE_SIGN_IDENTITY[sdk=iphoneos*]" = "iPhone Developer";
				COPY_PHASE_STRIP = NO;
				DEBUG_INFORMATION_FORMAT = dwarf;
				ENABLE_STRICT_OBJC_MSGSEND = YES;
				ENABLE_TESTABILITY = YES;
				GCC_C_LANGUAGE_STANDARD = gnu99;
				GCC_DYNAMIC_NO_PIC = NO;
				GCC_NO_COMMON_BLOCKS = YES;
				GCC_OPTIMIZATION_LEVEL = 0;
				GCC_PREPROCESSOR_DEFINITIONS = (
					"DEBUG=1",
					"$(inherited)",
				);
				GCC_WARN_64_TO_32_BIT_CONVERSION = YES;
				GCC_WARN_ABOUT_RETURN_TYPE = YES_ERROR;
				GCC_WARN_UNDECLARED_SELECTOR = YES;
				GCC_WARN_UNINITIALIZED_AUTOS = YES_AGGRESSIVE;
				GCC_WARN_UNUSED_FUNCTION = YES;
				GCC_WARN_UNUSED_VARIABLE = YES;
				IPHONEOS_DEPLOYMENT_TARGET = 9.3;
				MTL_ENABLE_DEBUG_INFO = YES;
				ONLY_ACTIVE_ARCH = YES;
				SDKROOT = iphoneos;
				SWIFT_OPTIMIZATION_LEVEL = "-Onone";
				TARGETED_DEVICE_FAMILY = "1,2";
			};
			name = Debug;
		};
		8E7C4D711CD55ABE008AE2E2 /* Release */ = {
			isa = XCBuildConfiguration;
			buildSettings = {
				ALWAYS_SEARCH_USER_PATHS = NO;
				CLANG_ANALYZER_NONNULL = YES;
				CLANG_CXX_LANGUAGE_STANDARD = "gnu++0x";
				CLANG_CXX_LIBRARY = "libc++";
				CLANG_ENABLE_MODULES = YES;
				CLANG_ENABLE_OBJC_ARC = YES;
				CLANG_WARN_BOOL_CONVERSION = YES;
				CLANG_WARN_CONSTANT_CONVERSION = YES;
				CLANG_WARN_DIRECT_OBJC_ISA_USAGE = YES_ERROR;
				CLANG_WARN_EMPTY_BODY = YES;
				CLANG_WARN_ENUM_CONVERSION = YES;
				CLANG_WARN_INT_CONVERSION = YES;
				CLANG_WARN_OBJC_ROOT_CLASS = YES_ERROR;
				CLANG_WARN_UNREACHABLE_CODE = YES;
				CLANG_WARN__DUPLICATE_METHOD_MATCH = YES;
				"CODE_SIGN_IDENTITY[sdk=iphoneos*]" = "iPhone Developer";
				COPY_PHASE_STRIP = NO;
				DEBUG_INFORMATION_FORMAT = "dwarf-with-dsym";
				ENABLE_NS_ASSERTIONS = NO;
				ENABLE_STRICT_OBJC_MSGSEND = YES;
				GCC_C_LANGUAGE_STANDARD = gnu99;
				GCC_NO_COMMON_BLOCKS = YES;
				GCC_WARN_64_TO_32_BIT_CONVERSION = YES;
				GCC_WARN_ABOUT_RETURN_TYPE = YES_ERROR;
				GCC_WARN_UNDECLARED_SELECTOR = YES;
				GCC_WARN_UNINITIALIZED_AUTOS = YES_AGGRESSIVE;
				GCC_WARN_UNUSED_FUNCTION = YES;
				GCC_WARN_UNUSED_VARIABLE = YES;
				IPHONEOS_DEPLOYMENT_TARGET = 9.3;
				MTL_ENABLE_DEBUG_INFO = NO;
				SDKROOT = iphoneos;
				TARGETED_DEVICE_FAMILY = "1,2";
				VALIDATE_PRODUCT = YES;
			};
			name = Release;
		};
		8E7C4D731CD55ABE008AE2E2 /* Debug */ = {
			isa = XCBuildConfiguration;
			baseConfigurationReference = 111D404A04D03FD55EC6F220 /* Pods-ReactivePokemon.debug.xcconfig */;
			buildSettings = {
				ASSETCATALOG_COMPILER_APPICON_NAME = AppIcon;
				INFOPLIST_FILE = ReactivePokemon/Info.plist;
				LD_RUNPATH_SEARCH_PATHS = "$(inherited) @executable_path/Frameworks";
				PRODUCT_BUNDLE_IDENTIFIER = com.teddy.ReactivePokemon;
				PRODUCT_NAME = "$(TARGET_NAME)";
			};
			name = Debug;
		};
		8E7C4D741CD55ABE008AE2E2 /* Release */ = {
			isa = XCBuildConfiguration;
			baseConfigurationReference = 5153F99D67C5299E73143E71 /* Pods-ReactivePokemon.release.xcconfig */;
			buildSettings = {
				ASSETCATALOG_COMPILER_APPICON_NAME = AppIcon;
				INFOPLIST_FILE = ReactivePokemon/Info.plist;
				LD_RUNPATH_SEARCH_PATHS = "$(inherited) @executable_path/Frameworks";
				PRODUCT_BUNDLE_IDENTIFIER = com.teddy.ReactivePokemon;
				PRODUCT_NAME = "$(TARGET_NAME)";
			};
			name = Release;
		};
/* End XCBuildConfiguration section */

/* Begin XCConfigurationList section */
		8E7C4D5B1CD55ABE008AE2E2 /* Build configuration list for PBXProject "ReactivePokemon" */ = {
			isa = XCConfigurationList;
			buildConfigurations = (
				8E7C4D701CD55ABE008AE2E2 /* Debug */,
				8E7C4D711CD55ABE008AE2E2 /* Release */,
			);
			defaultConfigurationIsVisible = 0;
			defaultConfigurationName = Release;
		};
		8E7C4D721CD55ABE008AE2E2 /* Build configuration list for PBXNativeTarget "ReactivePokemon" */ = {
			isa = XCConfigurationList;
			buildConfigurations = (
				8E7C4D731CD55ABE008AE2E2 /* Debug */,
				8E7C4D741CD55ABE008AE2E2 /* Release */,
			);
			defaultConfigurationIsVisible = 0;
			defaultConfigurationName = Release;
		};
/* End XCConfigurationList section */
	};
	rootObject = 8E7C4D581CD55ABE008AE2E2 /* Project object */;
}
